{
  "version": 1,
  "dependencies": {
    "net9.0": {
      "TestableIO.System.IO.Abstractions.Wrappers": {
        "type": "Transitive",
        "resolved": "22.0.16",
        "contentHash": "QUX0TLMvnRLEgvuMRotrZKN9eCdX4yzK7HJCaPj17T4jvUf+G4XifdLpB5wmRct2zKlscYzpWMOmHjKabse3yw==",
        "dependencies": {
          "Testably.Abstractions.FileSystem.Interface": "9.0.0"
        }
      },
      "Testably.Abstractions.FileSystem.Interface": {
        "type": "Transitive",
        "resolved": "9.0.0",
        "contentHash": "uksk86YlnzAdyfVNu3wICU0X5iXVe9LF7Q3UkngNliHWEvM5gvAlOUr+jmd9JwmbJWISH5+i1vyXE02lEVz7WQ=="
      },
      "wordlesolver.library": {
        "type": "Project",
        "dependencies": {
          "TestableIO.System.IO.Abstractions.Wrappers": "[22.0.16, )"
        }
      }
    }
  }
}